// !$*UTF8*$!
{
	archiveVersion = 1;
	classes = {
	};
	objectVersion = 46;
	objects = {

/* Begin PBXBuildFile section */
		FE2ABDBF1F29C329006CDD1F /* AppDelegate.swift in Sources */ = {isa = PBXBuildFile; fileRef = FE2ABDBE1F29C329006CDD1F /* AppDelegate.swift */; };
		FE2ABDC11F29C329006CDD1F /* ViewController.swift in Sources */ = {isa = PBXBuildFile; fileRef = FE2ABDC01F29C329006CDD1F /* ViewController.swift */; };
		FE2ABDC41F29C329006CDD1F /* Main.storyboard in Resources */ = {isa = PBXBuildFile; fileRef = FE2ABDC21F29C329006CDD1F /* Main.storyboard */; };
		FE2ABDC71F29C329006CDD1F /* Tool_Collector.xcdatamodeld in Sources */ = {isa = PBXBuildFile; fileRef = FE2ABDC51F29C329006CDD1F /* Tool_Collector.xcdatamodeld */; };
		FE2ABDC91F29C329006CDD1F /* Assets.xcassets in Resources */ = {isa = PBXBuildFile; fileRef = FE2ABDC81F29C329006CDD1F /* Assets.xcassets */; };
		FE2ABDCC1F29C329006CDD1F /* LaunchScreen.storyboard in Resources */ = {isa = PBXBuildFile; fileRef = FE2ABDCA1F29C329006CDD1F /* LaunchScreen.storyboard */; };
		FE2ABDD41F29DE60006CDD1F /* default.jpg in Resources */ = {isa = PBXBuildFile; fileRef = FE2ABDD31F29DE60006CDD1F /* default.jpg */; };
		FE2ABDD61F29E046006CDD1F /* AddToolViewController.swift in Sources */ = {isa = PBXBuildFile; fileRef = FE2ABDD51F29E046006CDD1F /* AddToolViewController.swift */; };
/* End PBXBuildFile section */

/* Begin PBXFileReference section */
		FE2ABDBB1F29C329006CDD1F /* Tool Collector.app */ = {isa = PBXFileReference; explicitFileType = wrapper.application; includeInIndex = 0; path = "Tool Collector.app"; sourceTree = BUILT_PRODUCTS_DIR; };
		FE2ABDBE1F29C329006CDD1F /* AppDelegate.swift */ = {isa = PBXFileReference; lastKnownFileType = sourcecode.swift; path = AppDelegate.swift; sourceTree = "<group>"; };
		FE2ABDC01F29C329006CDD1F /* ViewController.swift */ = {isa = PBXFileReference; lastKnownFileType = sourcecode.swift; path = ViewController.swift; sourceTree = "<group>"; };
		FE2ABDC31F29C329006CDD1F /* Base */ = {isa = PBXFileReference; lastKnownFileType = file.storyboard; name = Base; path = Base.lproj/Main.storyboard; sourceTree = "<group>"; };
		FE2ABDC61F29C329006CDD1F /* Tool_Collector.xcdatamodel */ = {isa = PBXFileReference; lastKnownFileType = wrapper.xcdatamodel; path = Tool_Collector.xcdatamodel; sourceTree = "<group>"; };
		FE2ABDC81F29C329006CDD1F /* Assets.xcassets */ = {isa = PBXFileReference; lastKnownFileType = folder.assetcatalog; path = Assets.xcassets; sourceTree = "<group>"; };
		FE2ABDCB1F29C329006CDD1F /* Base */ = {isa = PBXFileReference; lastKnownFileType = file.storyboard; name = Base; path = Base.lproj/LaunchScreen.storyboard; sourceTree = "<group>"; };
		FE2ABDCD1F29C329006CDD1F /* Info.plist */ = {isa = PBXFileReference; lastKnownFileType = text.plist.xml; path = Info.plist; sourceTree = "<group>"; };
		FE2ABDD31F29DE60006CDD1F /* default.jpg */ = {isa = PBXFileReference; lastKnownFileType = image.jpeg; path = default.jpg; sourceTree = "<group>"; };
		FE2ABDD51F29E046006CDD1F /* AddToolViewController.swift */ = {isa = PBXFileReference; fileEncoding = 4; lastKnownFileType = sourcecode.swift; path = AddToolViewController.swift; sourceTree = "<group>"; };
/* End PBXFileReference section */

/* Begin PBXFrameworksBuildPhase section */
		FE2ABDB81F29C329006CDD1F /* Frameworks */ = {
			isa = PBXFrameworksBuildPhase;
			buildActionMask = 2147483647;
			files = (
			);
			runOnlyForDeploymentPostprocessing = 0;
		};
/* End PBXFrameworksBuildPhase section */

/* Begin PBXGroup section */
		FE2ABDB21F29C329006CDD1F = {
			isa = PBXGroup;
			children = (
				FE2ABDBD1F29C329006CDD1F /* Tool Collector */,
				FE2ABDBC1F29C329006CDD1F /* Products */,
			);
			sourceTree = "<group>";
		};
		FE2ABDBC1F29C329006CDD1F /* Products */ = {
			isa = PBXGroup;
			children = (
				FE2ABDBB1F29C329006CDD1F /* Tool Collector.app */,
			);
			name = Products;
			sourceTree = "<group>";
		};
		FE2ABDBD1F29C329006CDD1F /* Tool Collector */ = {
			isa = PBXGroup;
			children = (
				FE2ABDD31F29DE60006CDD1F /* default.jpg */,
				FE2ABDBE1F29C329006CDD1F /* AppDelegate.swift */,
				FE2ABDC21F29C329006CDD1F /* Main.storyboard */,
				FE2ABDC01F29C329006CDD1F /* ViewController.swift */,
				FE2ABDD51F29E046006CDD1F /* AddToolViewController.swift */,
				FE2ABDC81F29C329006CDD1F /* Assets.xcassets */,
				FE2ABDCA1F29C329006CDD1F /* LaunchScreen.storyboard */,
				FE2ABDCD1F29C329006CDD1F /* Info.plist */,
				FE2ABDC51F29C329006CDD1F /* Tool_Collector.xcdatamodeld */,
			);
			path = "Tool Collector";
			sourceTree = "<group>";
		};
/* End PBXGroup section */

/* Begin PBXNativeTarget section */
		FE2ABDBA1F29C329006CDD1F /* Tool Collector */ = {
			isa = PBXNativeTarget;
			buildConfigurationList = FE2ABDD01F29C329006CDD1F /* Build configuration list for PBXNativeTarget "Tool Collector" */;
			buildPhases = (
				FE2ABDB71F29C329006CDD1F /* Sources */,
				FE2ABDB81F29C329006CDD1F /* Frameworks */,
				FE2ABDB91F29C329006CDD1F /* Resources */,
			);
			buildRules = (
			);
			dependencies = (
			);
			name = "Tool Collector";
			productName = "Tool Collector";
			productReference = FE2ABDBB1F29C329006CDD1F /* Tool Collector.app */;
			productType = "com.apple.product-type.application";
		};
/* End PBXNativeTarget section */

/* Begin PBXProject section */
		FE2ABDB31F29C329006CDD1F /* Project object */ = {
			isa = PBXProject;
			attributes = {
				LastSwiftUpdateCheck = 0830;
				LastUpgradeCheck = 0830;
				ORGANIZATIONNAME = "Trent Stevens";
				TargetAttributes = {
					FE2ABDBA1F29C329006CDD1F = {
						CreatedOnToolsVersion = 8.3.3;
						DevelopmentTeam = N7K36EUXB9;
						ProvisioningStyle = Automatic;
					};
				};
			};
			buildConfigurationList = FE2ABDB61F29C329006CDD1F /* Build configuration list for PBXProject "Tool Collector" */;
			compatibilityVersion = "Xcode 3.2";
			developmentRegion = English;
			hasScannedForEncodings = 0;
			knownRegions = (
				en,
				Base,
			);
			mainGroup = FE2ABDB21F29C329006CDD1F;
			productRefGroup = FE2ABDBC1F29C329006CDD1F /* Products */;
			projectDirPath = "";
			projectRoot = "";
			targets = (
				FE2ABDBA1F29C329006CDD1F /* Tool Collector */,
			);
		};
/* End PBXProject section */

/* Begin PBXResourcesBuildPhase section */
		FE2ABDB91F29C329006CDD1F /* Resources */ = {
			isa = PBXResourcesBuildPhase;
			buildActionMask = 2147483647;
			files = (
				FE2ABDCC1F29C329006CDD1F /* LaunchScreen.storyboard in Resources */,
				FE2ABDC91F29C329006CDD1F /* Assets.xcassets in Resources */,
				FE2ABDC41F29C329006CDD1F /* Main.storyboard in Resources */,
				FE2ABDD41F29DE60006CDD1F /* default.jpg in Resources */,
			);
			runOnlyForDeploymentPostprocessing = 0;
		};
/* End PBXResourcesBuildPhase section */

/* Begin PBXSourcesBuildPhase section */
		FE2ABDB71F29C329006CDD1F /* Sources */ = {
			isa = PBXSourcesBuildPhase;
			buildActionMask = 2147483647;
			files = (
				FE2ABDD61F29E046006CDD1F /* AddToolViewController.swift in Sources */,
				FE2ABDC71F29C329006CDD1F /* Tool_Collector.xcdatamodeld in Sources */,
				FE2ABDC11F29C329006CDD1F /* ViewController.swift in Sources */,
				FE2ABDBF1F29C329006CDD1F /* AppDelegate.swift in Sources */,
			);
			runOnlyForDeploymentPostprocessing = 0;
		};
/* End PBXSourcesBuildPhase section */

/* Begin PBXVariantGroup section */
		FE2ABDC21F29C329006CDD1F /* Main.storyboard */ = {
			isa = PBXVariantGroup;
			children = (
				FE2ABDC31F29C329006CDD1F /* Base */,
			);
			name = Main.storyboard;
			sourceTree = "<group>";
		};
		FE2ABDCA1F29C329006CDD1F /* LaunchScreen.storyboard */ = {
			isa = PBXVariantGroup;
			children = (
				FE2ABDCB1F29C329006CDD1F /* Base */,
			);
			name = LaunchScreen.storyboard;
			sourceTree = "<group>";
		};
/* End PBXVariantGroup section */

/* Begin XCBuildConfiguration section */
		FE2ABDCE1F29C329006CDD1F /* Debug */ = {
			isa = XCBuildConfiguration;
			buildSettings = {
				ALWAYS_SEARCH_USER_PATHS = NO;
				CLANG_ANALYZER_NONNULL = YES;
				CLANG_ANALYZER_NUMBER_OBJECT_CONVERSION = YES_AGGRESSIVE;
				CLANG_CXX_LANGUAGE_STANDARD = "gnu++0x";
				CLANG_CXX_LIBRARY = "libc++";
				CLANG_ENABLE_MODULES = YES;
				CLANG_ENABLE_OBJC_ARC = YES;
				CLANG_WARN_BOOL_CONVERSION = YES;
				CLANG_WARN_CONSTANT_CONVERSION = YES;
				CLANG_WARN_DIRECT_OBJC_ISA_USAGE = YES_ERROR;
				CLANG_WARN_DOCUMENTATION_COMMENTS = YES;
				CLANG_WARN_EMPTY_BODY = YES;
				CLANG_WARN_ENUM_CONVERSION = YES;
				CLANG_WARN_INFINITE_RECURSION = YES;
				CLANG_WARN_INT_CONVERSION = YES;
				CLANG_WARN_OBJC_ROOT_CLASS = YES_ERROR;
				CLANG_WARN_SUSPICIOUS_MOVE = YES;
				CLANG_WARN_UNREACHABLE_CODE = YES;
				CLANG_WARN__DUPLICATE_METHOD_MATCH = YES;
				"CODE_SIGN_IDENTITY[sdk=iphoneos*]" = "iPhone Developer";
				COPY_PHASE_STRIP = NO;
				DEBUG_INFORMATION_FORMAT = dwarf;
				ENABLE_STRICT_OBJC_MSGSEND = YES;
				ENABLE_TESTABILITY = YES;
				GCC_C_LANGUAGE_STANDARD = gnu99;
				GCC_DYNAMIC_NO_PIC = NO;
				GCC_NO_COMMON_BLOCKS = YES;
				GCC_OPTIMIZATION_LEVEL = 0;
				GCC_PREPROCESSOR_DEFINITIONS = (
					"DEBUG=1",
					"$(inherited)",
				);
				GCC_WARN_64_TO_32_BIT_CONVERSION = YES;
				GCC_WARN_ABOUT_RETURN_TYPE = YES_ERROR;
				GCC_WARN_UNDECLARED_SELECTOR = YES;
				GCC_WARN_UNINITIALIZED_AUTOS = YES_AGGRESSIVE;
				GCC_WARN_UNUSED_FUNCTION = YES;
				GCC_WARN_UNUSED_VARIABLE = YES;
				IPHONEOS_DEPLOYMENT_TARGET = 10.3;
				MTL_ENABLE_DEBUG_INFO = YES;
				ONLY_ACTIVE_ARCH = YES;
				SDKROOT = iphoneos;
				SWIFT_ACTIVE_COMPILATION_CONDITIONS = DEBUG;
				SWIFT_OPTIMIZATION_LEVEL = "-Onone";
				TARGETED_DEVICE_FAMILY = "1,2";
			};
			name = Debug;
		};
		FE2ABDCF1F29C329006CDD1F /* Release */ = {
			isa = XCBuildConfiguration;
			buildSettings = {
				ALWAYS_SEARCH_USER_PATHS = NO;
				CLANG_ANALYZER_NONNULL = YES;
				CLANG_ANALYZER_NUMBER_OBJECT_CONVERSION = YES_AGGRESSIVE;
				CLANG_CXX_LANGUAGE_STANDARD = "gnu++0x";
				CLANG_CXX_LIBRARY = "libc++";
				CLANG_ENABLE_MODULES = YES;
				CLANG_ENABLE_OBJC_ARC = YES;
				CLANG_WARN_BOOL_CONVERSION = YES;
				CLANG_WARN_CONSTANT_CONVERSION = YES;
				CLANG_WARN_DIRECT_OBJC_ISA_USAGE = YES_ERROR;
				CLANG_WARN_DOCUMENTATION_COMMENTS = YES;
				CLANG_WARN_EMPTY_BODY = YES;
				CLANG_WARN_ENUM_CONVERSION = YES;
				CLANG_WARN_INFINITE_RECURSION = YES;
				CLANG_WARN_INT_CONVERSION = YES;
				CLANG_WARN_OBJC_ROOT_CLASS = YES_ERROR;
				CLANG_WARN_SUSPICIOUS_MOVE = YES;
				CLANG_WARN_UNREACHABLE_CODE = YES;
				CLANG_WARN__DUPLICATE_METHOD_MATCH = YES;
				"CODE_SIGN_IDENTITY[sdk=iphoneos*]" = "iPhone Developer";
				COPY_PHASE_STRIP = NO;
				DEBUG_INFORMATION_FORMAT = "dwarf-with-dsym";
				ENABLE_NS_ASSERTIONS = NO;
				ENABLE_STRICT_OBJC_MSGSEND = YES;
				GCC_C_LANGUAGE_STANDARD = gnu99;
				GCC_NO_COMMON_BLOCKS = YES;
				GCC_WARN_64_TO_32_BIT_CONVERSION = YES;
				GCC_WARN_ABOUT_RETURN_TYPE = YES_ERROR;
				GCC_WARN_UNDECLARED_SELECTOR = YES;
				GCC_WARN_UNINITIALIZED_AUTOS = YES_AGGRESSIVE;
				GCC_WARN_UNUSED_FUNCTION = YES;
				GCC_WARN_UNUSED_VARIABLE = YES;
				IPHONEOS_DEPLOYMENT_TARGET = 10.3;
				MTL_ENABLE_DEBUG_INFO = NO;
				SDKROOT = iphoneos;
				SWIFT_OPTIMIZATION_LEVEL = "-Owholemodule";
				TARGETED_DEVICE_FAMILY = "1,2";
				VALIDATE_PRODUCT = YES;
			};
			name = Release;
		};
		FE2ABDD11F29C329006CDD1F /* Debug */ = {
			isa = XCBuildConfiguration;
			buildSettings = {
				ASSETCATALOG_COMPILER_APPICON_NAME = AppIcon;
				DEVELOPMENT_TEAM = N7K36EUXB9;
				INFOPLIST_FILE = "Tool Collector/Info.plist";
				LD_RUNPATH_SEARCH_PATHS = "$(inherited) @executable_path/Frameworks";
				PRODUCT_BUNDLE_IDENTIFIER = "com.trentstevens.Tool-Collector";
				PRODUCT_NAME = "$(TARGET_NAME)";
				SWIFT_VERSION = 3.0;
			};
			name = Debug;
		};
		FE2ABDD21F29C329006CDD1F /* Release */ = {
			isa = XCBuildConfiguration;
			buildSettings = {
				ASSETCATALOG_COMPILER_APPICON_NAME = AppIcon;
				DEVELOPMENT_TEAM = N7K36EUXB9;
				INFOPLIST_FILE = "Tool Collector/Info.plist";
				LD_RUNPATH_SEARCH_PATHS = "$(inherited) @executable_path/Frameworks";
				PRODUCT_BUNDLE_IDENTIFIER = "com.trentstevens.Tool-Collector";
				PRODUCT_NAME = "$(TARGET_NAME)";
				SWIFT_VERSION = 3.0;
			};
			name = Release;
		};
/* End XCBuildConfiguration section */

/* Begin XCConfigurationList section */
		FE2ABDB61F29C329006CDD1F /* Build configuration list for PBXProject "Tool Collector" */ = {
			isa = XCConfigurationList;
			buildConfigurations = (
				FE2ABDCE1F29C329006CDD1F /* Debug */,
				FE2ABDCF1F29C329006CDD1F /* Release */,
			);
			defaultConfigurationIsVisible = 0;
			defaultConfigurationName = Release;
		};
		FE2ABDD01F29C329006CDD1F /* Build configuration list for PBXNativeTarget "Tool Collector" */ = {
			isa = XCConfigurationList;
			buildConfigurations = (
				FE2ABDD11F29C329006CDD1F /* Debug */,
				FE2ABDD21F29C329006CDD1F /* Release */,
			);
			defaultConfigurationIsVisible = 0;
		};
/* End XCConfigurationList section */

/* Begin XCVersionGroup section */
		FE2ABDC51F29C329006CDD1F /* Tool_Collector.xcdatamodeld */ = {
			isa = XCVersionGroup;
			children = (
				FE2ABDC61F29C329006CDD1F /* Tool_Collector.xcdatamodel */,
			);
			currentVersion = FE2ABDC61F29C329006CDD1F /* Tool_Collector.xcdatamodel */;
			path = Tool_Collector.xcdatamodeld;
			sourceTree = "<group>";
			versionGroupType = wrapper.xcdatamodel;
		};
/* End XCVersionGroup section */
	};
	rootObject = FE2ABDB31F29C329006CDD1F /* Project object */;
}
